
Microsoft Visual Studio Solution File, Format Version 12.00
# Visual Studio 15
VisualStudioVersion = 15.0.28307.136
MinimumVisualStudioVersion = 10.0.40219.1
Project("{FAE04EC0-301F-11D3-BF4B-00C04F79EFBC}") = "Budget", "Budget\Budget.csproj", "{6EBF0691-77FC-406D-BBD8-3CE711D0791B}"
EndProject
Global
	GlobalSection(SolutionConfigurationPlatforms) = preSolution
		Debug|Any CPU = Debug|Any CPU
		Release|Any CPU = Release|Any CPU
	EndGlobalSection
	GlobalSection(ProjectConfigurationPlatforms) = postSolution
		{6EBF0691-77FC-406D-BBD8-3CE711D0791B}.Debug|Any CPU.ActiveCfg = Debug|Any CPU
		{6EBF0691-77FC-406D-BBD8-3CE711D0791B}.Debug|Any CPU.Build.0 = Debug|Any CPU
		{6EBF0691-77FC-406D-BBD8-3CE711D0791B}.Release|Any CPU.ActiveCfg = Release|Any CPU
		{6EBF0691-77FC-406D-BBD8-3CE711D0791B}.Release|Any CPU.Build.0 = Release|Any CPU
	EndGlobalSection
	GlobalSection(SolutionProperties) = preSolution
		HideSolutionNode = FALSE
	EndGlobalSection
	GlobalSection(ExtensibilityGlobals) = postSolution
		SolutionGuid = {C9FABCD6-56A4-4FA8-A9B9-8F28ED3F46E2}
	EndGlobalSection
EndGlobal
